
Microsoft Visual Studio Solution File, Format Version 12.00
# Visual Studio Version 16
VisualStudioVersion = 16.0.28729.10
MinimumVisualStudioVersion = 10.0.40219.1
Project("{FAE04EC0-301F-11D3-BF4B-00C04F79EFBC}") = "GUI", "GUI\GUI.csproj", "{93CDBC7D-4324-4C21-AAD1-645C0DF377A4}"
EndProject
Global
	GlobalSection(SolutionConfigurationPlatforms) = preSolution
		Debug|Any CPU = Debug|Any CPU
		Release|Any CPU = Release|Any CPU
	EndGlobalSection
	GlobalSection(ProjectConfigurationPlatforms) = postSolution
		{93CDBC7D-4324-4C21-AAD1-645C0DF377A4}.Debug|Any CPU.ActiveCfg = Debug|Any CPU
		{93CDBC7D-4324-4C21-AAD1-645C0DF377A4}.Debug|Any CPU.Build.0 = Debug|Any CPU
		{93CDBC7D-4324-4C21-AAD1-645C0DF377A4}.Release|Any CPU.ActiveCfg = Release|Any CPU
		{93CDBC7D-4324-4C21-AAD1-645C0DF377A4}.Release|Any CPU.Build.0 = Release|Any CPU
	EndGlobalSection
	GlobalSection(SolutionProperties) = preSolution
		HideSolutionNode = FALSE
	EndGlobalSection
	GlobalSection(ExtensibilityGlobals) = postSolution
		SolutionGuid = {FCBB5C86-B736-4DD2-B09B-12A6B462F965}
	EndGlobalSection
EndGlobal
